
Microsoft Visual Studio Solution File, Format Version 12.00
# Visual Studio Version 17
VisualStudioVersion = 17.6.33717.318
MinimumVisualStudioVersion = 10.0.40219.1
Project("{FAE04EC0-301F-11D3-BF4B-00C04F79EFBC}") = "ConsoleApp9", "ConsoleApp9\ConsoleApp9.csproj", "{A5CD8083-8DD2-4EA0-9640-2F96EFDB3A19}"
EndProject
Global
	GlobalSection(SolutionConfigurationPlatforms) = preSolution
		Debug|Any CPU = Debug|Any CPU
		Release|Any CPU = Release|Any CPU
	EndGlobalSection
	GlobalSection(ProjectConfigurationPlatforms) = postSolution
		{A5CD8083-8DD2-4EA0-9640-2F96EFDB3A19}.Debug|Any CPU.ActiveCfg = Debug|Any CPU
		{A5CD8083-8DD2-4EA0-9640-2F96EFDB3A19}.Debug|Any CPU.Build.0 = Debug|Any CPU
		{A5CD8083-8DD2-4EA0-9640-2F96EFDB3A19}.Release|Any CPU.ActiveCfg = Release|Any CPU
		{A5CD8083-8DD2-4EA0-9640-2F96EFDB3A19}.Release|Any CPU.Build.0 = Release|Any CPU
	EndGlobalSection
	GlobalSection(SolutionProperties) = preSolution
		HideSolutionNode = FALSE
	EndGlobalSection
	GlobalSection(ExtensibilityGlobals) = postSolution
		SolutionGuid = {F7909B89-9668-4734-AA98-FE780B94A0C8}
	EndGlobalSection
EndGlobal
